
Microsoft Visual Studio Solution File, Format Version 12.00
# Visual Studio Version 17
VisualStudioVersion = 17.12.35514.174
MinimumVisualStudioVersion = 10.0.40219.1
Project("{FAE04EC0-301F-11D3-BF4B-00C04F79EFBC}") = "MAUI_Blazor_GymManager", "MAUI_Blazor_GymManager\MAUI_Blazor_GymManager.csproj", "{F865F94B-93F9-4FD3-8FA6-0978C21FC394}"
EndProject
Project("{FAE04EC0-301F-11D3-BF4B-00C04F79EFBC}") = "Clients", "Clients\Clients.csproj", "{1DC279FE-173A-4B1A-81AD-1A26137B0652}"
EndProject
Project("{FAE04EC0-301F-11D3-BF4B-00C04F79EFBC}") = "Services", "Services\Services.csproj", "{A2048A8F-C755-471D-80C1-83C7020762FC}"
EndProject
Global
	GlobalSection(SolutionConfigurationPlatforms) = preSolution
		Debug|Any CPU = Debug|Any CPU
		Release|Any CPU = Release|Any CPU
	EndGlobalSection
	GlobalSection(ProjectConfigurationPlatforms) = postSolution
		{F865F94B-93F9-4FD3-8FA6-0978C21FC394}.Debug|Any CPU.ActiveCfg = Debug|Any CPU
		{F865F94B-93F9-4FD3-8FA6-0978C21FC394}.Debug|Any CPU.Build.0 = Debug|Any CPU
		{F865F94B-93F9-4FD3-8FA6-0978C21FC394}.Debug|Any CPU.Deploy.0 = Debug|Any CPU
		{F865F94B-93F9-4FD3-8FA6-0978C21FC394}.Release|Any CPU.ActiveCfg = Release|Any CPU
		{F865F94B-93F9-4FD3-8FA6-0978C21FC394}.Release|Any CPU.Build.0 = Release|Any CPU
		{1DC279FE-173A-4B1A-81AD-1A26137B0652}.Debug|Any CPU.ActiveCfg = Debug|Any CPU
		{1DC279FE-173A-4B1A-81AD-1A26137B0652}.Debug|Any CPU.Build.0 = Debug|Any CPU
		{1DC279FE-173A-4B1A-81AD-1A26137B0652}.Release|Any CPU.ActiveCfg = Release|Any CPU
		{1DC279FE-173A-4B1A-81AD-1A26137B0652}.Release|Any CPU.Build.0 = Release|Any CPU
		{A2048A8F-C755-471D-80C1-83C7020762FC}.Debug|Any CPU.ActiveCfg = Debug|Any CPU
		{A2048A8F-C755-471D-80C1-83C7020762FC}.Debug|Any CPU.Build.0 = Debug|Any CPU
		{A2048A8F-C755-471D-80C1-83C7020762FC}.Release|Any CPU.ActiveCfg = Release|Any CPU
		{A2048A8F-C755-471D-80C1-83C7020762FC}.Release|Any CPU.Build.0 = Release|Any CPU
	EndGlobalSection
	GlobalSection(SolutionProperties) = preSolution
		HideSolutionNode = FALSE
	EndGlobalSection
EndGlobal
